
Microsoft Visual Studio Solution File, Format Version 12.00
# Visual Studio 15
VisualStudioVersion = 15.0.28307.1705
MinimumVisualStudioVersion = 10.0.40219.1
Project("{8BC9CEB8-8B4A-11D0-8D11-00A0C91BC942}") = "TPCamera", "TPCamera\TPCamera.vcxproj", "{57308A89-08FA-475D-847F-DE5402CFCC47}"
EndProject
Global
	GlobalSection(SolutionConfigurationPlatforms) = preSolution
		Debug|x64 = Debug|x64
		Debug|x86 = Debug|x86
		Release|x64 = Release|x64
		Release|x86 = Release|x86
	EndGlobalSection
	GlobalSection(ProjectConfigurationPlatforms) = postSolution
		{57308A89-08FA-475D-847F-DE5402CFCC47}.Debug|x64.ActiveCfg = Debug|x64
		{57308A89-08FA-475D-847F-DE5402CFCC47}.Debug|x64.Build.0 = Debug|x64
		{57308A89-08FA-475D-847F-DE5402CFCC47}.Debug|x86.ActiveCfg = Debug|Win32
		{57308A89-08FA-475D-847F-DE5402CFCC47}.Debug|x86.Build.0 = Debug|Win32
		{57308A89-08FA-475D-847F-DE5402CFCC47}.Release|x64.ActiveCfg = Release|x64
		{57308A89-08FA-475D-847F-DE5402CFCC47}.Release|x64.Build.0 = Release|x64
		{57308A89-08FA-475D-847F-DE5402CFCC47}.Release|x86.ActiveCfg = Release|Win32
		{57308A89-08FA-475D-847F-DE5402CFCC47}.Release|x86.Build.0 = Release|Win32
	EndGlobalSection
	GlobalSection(SolutionProperties) = preSolution
		HideSolutionNode = FALSE
	EndGlobalSection
	GlobalSection(ExtensibilityGlobals) = postSolution
		SolutionGuid = {2F01212E-8994-449C-8497-33E63481353A}
	EndGlobalSection
EndGlobal
